
Microsoft Visual Studio Solution File, Format Version 12.00
# Visual Studio Version 17
VisualStudioVersion = 17.9.34616.47
MinimumVisualStudioVersion = 10.0.40219.1
Project("{FAE04EC0-301F-11D3-BF4B-00C04F79EFBC}") = "LeetCodeProblems", "LeetCodeProblems\LeetCodeProblems.csproj", "{AC10D876-9B7F-4116-BF0F-E1E8316F2B23}"
EndProject
Global
	GlobalSection(SolutionConfigurationPlatforms) = preSolution
		Debug|Any CPU = Debug|Any CPU
		Release|Any CPU = Release|Any CPU
	EndGlobalSection
	GlobalSection(ProjectConfigurationPlatforms) = postSolution
		{AC10D876-9B7F-4116-BF0F-E1E8316F2B23}.Debug|Any CPU.ActiveCfg = Debug|Any CPU
		{AC10D876-9B7F-4116-BF0F-E1E8316F2B23}.Debug|Any CPU.Build.0 = Debug|Any CPU
		{AC10D876-9B7F-4116-BF0F-E1E8316F2B23}.Release|Any CPU.ActiveCfg = Release|Any CPU
		{AC10D876-9B7F-4116-BF0F-E1E8316F2B23}.Release|Any CPU.Build.0 = Release|Any CPU
	EndGlobalSection
	GlobalSection(SolutionProperties) = preSolution
		HideSolutionNode = FALSE
	EndGlobalSection
	GlobalSection(ExtensibilityGlobals) = postSolution
		SolutionGuid = {9D78BC95-3146-4BB8-AF2B-7E86DE36551C}
	EndGlobalSection
EndGlobal
